{
    "_meta": {
        "hash": {
            "sha256": "3e8a822827f00dcfc7f7a7448469e1bd781b4b25f2f4c06e134281bf2f70399c"
        },
        "pipfile-spec": 6,
        "requires": {
            "python_version": "3.9"
        },
        "sources": [
            {
                "name": "pypi",
                "url": "https://pypi.org/simple",
                "verify_ssl": true
            }
        ]
    },
    "default": {
        "joblib": {
            "hashes": [
                "sha256:4158fcecd13733f8be669be0683b96ebdbbd38d23559f54dca7205aea1bf1e35",
                "sha256:f21f109b3c7ff9d95f8387f752d0d9c34a02aa2f7060c2135f465da0e5160ff6"
            ],
            "markers": "python_version >= '3.6'",
            "version": "==1.1.0"
        },
        "numpy": {
            "hashes": [
                "sha256:0cfe07133fd00b27edee5e6385e333e9eeb010607e8a46e1cd673f05f8596595",
                "sha256:11a1f3816ea82eed4178102c56281782690ab5993251fdfd75039aad4d20385f",
                "sha256:2762331de395739c91f1abb88041f94a080cb1143aeec791b3b223976228af3f",
                "sha256:283d9de87c0133ef98f93dfc09fad3fb382f2a15580de75c02b5bb36a5a159a5",
                "sha256:3d22662b4b10112c545c91a0741f2436f8ca979ab3d69d03d19322aa970f9695",
                "sha256:41388e32e40b41dd56eb37fcaa7488b2b47b0adf77c66154d6b89622c110dfe9",
                "sha256:42c16cec1c8cf2728f1d539bd55aaa9d6bb48a7de2f41eb944697293ef65a559",
                "sha256:47ee7a839f5885bc0c63a74aabb91f6f40d7d7b639253768c4199b37aede7982",
                "sha256:5a311ee4d983c487a0ab546708edbdd759393a3dc9cd30305170149fedd23c88",
                "sha256:5dc65644f75a4c2970f21394ad8bea1a844104f0fe01f278631be1c7eae27226",
                "sha256:6ed0d073a9c54ac40c41a9c2d53fcc3d4d4ed607670b9e7b0de1ba13b4cbfe6f",
                "sha256:76ba7c40e80f9dc815c5e896330700fd6e20814e69da9c1267d65a4d051080f1",
                "sha256:818b9be7900e8dc23e013a92779135623476f44a0de58b40c32a15368c01d471",
                "sha256:a024181d7aef0004d76fb3bce2a4c9f2e67a609a9e2a6ff2571d30e9976aa383",
                "sha256:a955e4128ac36797aaffd49ab44ec74a71c11d6938df83b1285492d277db5397",
                "sha256:a97a954a8c2f046d3817c2bce16e3c7e9a9c2afffaf0400f5c16df5172a67c9c",
                "sha256:a97e82c39d9856fe7d4f9b86d8a1e66eff99cf3a8b7ba48202f659703d27c46f",
                "sha256:b55b953a1bdb465f4dc181758570d321db4ac23005f90ffd2b434cc6609a63dd",
                "sha256:bb02929b0d6bfab4c48a79bd805bd7419114606947ec8284476167415171f55b",
                "sha256:bece0a4a49e60e472a6d1f70ac6cdea00f9ab80ff01132f96bd970cdd8a9e5a9",
                "sha256:e41e8951749c4b5c9a2dc5fdbc1a4eec6ab2a140fdae9b460b0f557eed870f4d",
                "sha256:f71d57cc8645f14816ae249407d309be250ad8de93ef61d9709b45a0ddf4050c"
            ],
            "index": "pypi",
            "version": "==1.22.0"
        },
        "pandas": {
            "hashes": [
                "sha256:1e4285f5de1012de20ca46b188ccf33521bff61ba5c5ebd78b4fb28e5416a9f1",
                "sha256:2651d75b9a167cc8cc572cf787ab512d16e316ae00ba81874b560586fa1325e0",
                "sha256:2c21778a688d3712d35710501f8001cdbf96eb70a7c587a3d5613573299fdca6",
                "sha256:32e1a26d5ade11b547721a72f9bfc4bd113396947606e00d5b4a5b79b3dcb006",
                "sha256:3345343206546545bc26a05b4602b6a24385b5ec7c75cb6059599e3d56831da2",
                "sha256:344295811e67f8200de2390093aeb3c8309f5648951b684d8db7eee7d1c81fb7",
                "sha256:37f06b59e5bc05711a518aa10beaec10942188dccb48918bb5ae602ccbc9f1a0",
                "sha256:552020bf83b7f9033b57cbae65589c01e7ef1544416122da0c79140c93288f56",
                "sha256:5cce0c6bbeb266b0e39e35176ee615ce3585233092f685b6a82362523e59e5b4",
                "sha256:5f261553a1e9c65b7a310302b9dbac31cf0049a51695c14ebe04e4bfd4a96f02",
                "sha256:60a8c055d58873ad81cae290d974d13dd479b82cbb975c3e1fa2cf1920715296",
                "sha256:62d5b5ce965bae78f12c1c0df0d387899dd4211ec0bdc52822373f13a3a022b9",
                "sha256:7d28a3c65463fd0d0ba8bbb7696b23073efee0510783340a44b08f5e96ffce0c",
                "sha256:8025750767e138320b15ca16d70d5cdc1886e8f9cc56652d89735c016cd8aea6",
                "sha256:8b6dbec5f3e6d5dc80dcfee250e0a2a652b3f28663492f7dab9a24416a48ac39",
                "sha256:a395692046fd8ce1edb4c6295c35184ae0c2bbe787ecbe384251da609e27edcb",
                "sha256:a62949c626dd0ef7de11de34b44c6475db76995c2064e2d99c6498c3dba7fe58",
                "sha256:aaf183a615ad790801fa3cf2fa450e5b6d23a54684fe386f7e3208f8b9bfbef6",
                "sha256:adfeb11be2d54f275142c8ba9bf67acee771b7186a5745249c7d5a06c670136b",
                "sha256:b6b87b2fb39e6383ca28e2829cddef1d9fc9e27e55ad91ca9c435572cdba51bf",
                "sha256:bd971a3f08b745a75a86c00b97f3007c2ea175951286cdda6abe543e687e5f2f",
                "sha256:c69406a2808ba6cf580c2255bcf260b3f214d2664a3a4197d0e640f573b46fd3",
                "sha256:d3bc49af96cd6285030a64779de5b3688633a07eb75c124b0747134a63f4c05f",
                "sha256:fd541ab09e1f80a2a1760032d665f6e032d8e44055d602d65eeea6e6e85498cb",
                "sha256:fe95bae4e2d579812865db2212bb733144e34d0c6785c0685329e5b60fcb85dd"
            ],
            "index": "pypi",
            "version": "==1.3.5"
        },
        "pydantic": {
            "hashes": [
                "sha256:085ca1de245782e9b46cefcf99deecc67d418737a1fd3f6a4f511344b613a5b3",
                "sha256:086254884d10d3ba16da0588604ffdc5aab3f7f09557b998373e885c690dd398",
                "sha256:0b6037175234850ffd094ca77bf60fb54b08b5b22bc85865331dd3bda7a02fa1",
                "sha256:0fe476769acaa7fcddd17cadd172b156b53546ec3614a4d880e5d29ea5fbce65",
                "sha256:1d5278bd9f0eee04a44c712982343103bba63507480bfd2fc2790fa70cd64cf4",
                "sha256:2cc6a4cb8a118ffec2ca5fcb47afbacb4f16d0ab8b7350ddea5e8ef7bcc53a16",
                "sha256:2ee7e3209db1e468341ef41fe263eb655f67f5c5a76c924044314e139a1103a2",
                "sha256:3011b975c973819883842c5ab925a4e4298dffccf7782c55ec3580ed17dc464c",
                "sha256:3c3b035103bd4e2e4a28da9da7ef2fa47b00ee4a9cf4f1a735214c1bcd05e0f6",
                "sha256:4c68c3bc88dbda2a6805e9a142ce84782d3930f8fdd9655430d8576315ad97ce",
                "sha256:574936363cd4b9eed8acdd6b80d0143162f2eb654d96cb3a8ee91d3e64bf4cf9",
                "sha256:5a79330f8571faf71bf93667d3ee054609816f10a259a109a0738dac983b23c3",
                "sha256:5e48ef4a8b8c066c4a31409d91d7ca372a774d0212da2787c0d32f8045b1e034",
                "sha256:6c5b77947b9e85a54848343928b597b4f74fc364b70926b3c4441ff52620640c",
                "sha256:742645059757a56ecd886faf4ed2441b9c0cd406079c2b4bee51bcc3fbcd510a",
                "sha256:7bdfdadb5994b44bd5579cfa7c9b0e1b0e540c952d56f627eb227851cda9db77",
                "sha256:815ddebb2792efd4bba5488bc8fde09c29e8ca3227d27cf1c6990fc830fd292b",
                "sha256:8b5ac0f1c83d31b324e57a273da59197c83d1bb18171e512908fe5dc7278a1d6",
                "sha256:96f240bce182ca7fe045c76bcebfa0b0534a1bf402ed05914a6f1dadff91877f",
                "sha256:a733965f1a2b4090a5238d40d983dcd78f3ecea221c7af1497b845a9709c1721",
                "sha256:ab624700dc145aa809e6f3ec93fb8e7d0f99d9023b713f6a953637429b437d37",
                "sha256:b2571db88c636d862b35090ccf92bf24004393f85c8870a37f42d9f23d13e032",
                "sha256:bbbc94d0c94dd80b3340fc4f04fd4d701f4b038ebad72c39693c794fd3bc2d9d",
                "sha256:c0727bda6e38144d464daec31dff936a82917f431d9c39c39c60a26567eae3ed",
                "sha256:c556695b699f648c58373b542534308922c46a1cda06ea47bc9ca45ef5b39ae6",
                "sha256:c86229333cabaaa8c51cf971496f10318c4734cf7b641f08af0a6fbf17ca3054",
                "sha256:c8d7da6f1c1049eefb718d43d99ad73100c958a5367d30b9321b092771e96c25",
                "sha256:c8e9dcf1ac499679aceedac7e7ca6d8641f0193c591a2d090282aaf8e9445a46",
                "sha256:cb23bcc093697cdea2708baae4f9ba0e972960a835af22560f6ae4e7e47d33f5",
                "sha256:d1e4c28f30e767fd07f2ddc6f74f41f034d1dd6bc526cd59e63a82fe8bb9ef4c",
                "sha256:d9c9bdb3af48e242838f9f6e6127de9be7063aad17b32215ccc36a09c5cf1070",
                "sha256:dee5ef83a76ac31ab0c78c10bd7d5437bfdb6358c95b91f1ba7ff7b76f9996a1",
                "sha256:e0896200b6a40197405af18828da49f067c2fa1f821491bc8f5bde241ef3f7d7",
                "sha256:f5a64b64ddf4c99fe201ac2724daada8595ada0d102ab96d019c1555c2d6441d",
                "sha256:f947352c3434e8b937e3aa8f96f47bdfe6d92779e44bb3f41e4c213ba6a32145"
            ],
            "index": "pypi",
            "version": "==1.9.0"
        },
        "python-dateutil": {
            "hashes": [
                "sha256:0123cacc1627ae19ddf3c27a5de5bd67ee4586fbdd6440d9748f8abb483d3e86",
                "sha256:961d03dc3453ebbc59dbdea9e4e11c5651520a876d0f4db161e8674aae935da9"
            ],
            "markers": "python_version >= '2.7' and python_version not in '3.0, 3.1, 3.2'",
            "version": "==2.8.2"
        },
        "pytz": {
            "hashes": [
                "sha256:3672058bc3453457b622aab7a1c3bfd5ab0bdae451512f6cf25f64ed37f5b87c",
                "sha256:acad2d8b20a1af07d4e4c9d2e9285c5ed9104354062f275f3fcd88dcef4f1326"
            ],
            "version": "==2021.3"
        },
        "scikit-learn": {
            "hashes": [
                "sha256:08ef968f6b72033c16c479c966bf37ccd49b06ea91b765e1cc27afefe723920b",
                "sha256:158faf30684c92a78e12da19c73feff9641a928a8024b4fa5ec11d583f3d8a87",
                "sha256:16455ace947d8d9e5391435c2977178d0ff03a261571e67f627c8fee0f9d431a",
                "sha256:245c9b5a67445f6f044411e16a93a554edc1efdcce94d3fc0bc6a4b9ac30b752",
                "sha256:285db0352e635b9e3392b0b426bc48c3b485512d3b4ac3c7a44ec2a2ba061e66",
                "sha256:2f3b453e0b149898577e301d27e098dfe1a36943f7bb0ad704d1e548efc3b448",
                "sha256:46f431ec59dead665e1370314dbebc99ead05e1c0a9df42f22d6a0e00044820f",
                "sha256:55f2f3a8414e14fbee03782f9fe16cca0f141d639d2b1c1a36779fa069e1db57",
                "sha256:5cb33fe1dc6f73dc19e67b264dbb5dde2a0539b986435fdd78ed978c14654830",
                "sha256:75307d9ea39236cad7eea87143155eea24d48f93f3a2f9389c817f7019f00705",
                "sha256:7626a34eabbf370a638f32d1a3ad50526844ba58d63e3ab81ba91e2a7c6d037e",
                "sha256:7a93c1292799620df90348800d5ac06f3794c1316ca247525fa31169f6d25855",
                "sha256:7d6b2475f1c23a698b48515217eb26b45a6598c7b1840ba23b3c5acece658dbb",
                "sha256:80095a1e4b93bd33261ef03b9bc86d6db649f988ea4dbcf7110d0cded8d7213d",
                "sha256:85260fb430b795d806251dd3bb05e6f48cdc777ac31f2bcf2bc8bbed3270a8f5",
                "sha256:9369b030e155f8188743eb4893ac17a27f81d28a884af460870c7c072f114243",
                "sha256:a053a6a527c87c5c4fa7bf1ab2556fa16d8345cf99b6c5a19030a4a7cd8fd2c0",
                "sha256:a90b60048f9ffdd962d2ad2fb16367a87ac34d76e02550968719eb7b5716fd10",
                "sha256:a999c9f02ff9570c783069f1074f06fe7386ec65b84c983db5aeb8144356a355",
                "sha256:b1391d1a6e2268485a63c3073111fe3ba6ec5145fc957481cfd0652be571226d",
                "sha256:b54a62c6e318ddbfa7d22c383466d38d2ee770ebdb5ddb668d56a099f6eaf75f",
                "sha256:b5870959a5484b614f26d31ca4c17524b1b0317522199dc985c3b4256e030767",
                "sha256:bc3744dabc56b50bec73624aeca02e0def06b03cb287de26836e730659c5d29c",
                "sha256:d93d4c28370aea8a7cbf6015e8a669cd5d69f856cc2aa44e7a590fb805bb5583",
                "sha256:d9aac97e57c196206179f674f09bc6bffcd0284e2ba95b7fe0b402ac3f986023",
                "sha256:da3c84694ff693b5b3194d8752ccf935a665b8b5edc33a283122f4273ca3e687",
                "sha256:e174242caecb11e4abf169342641778f68e1bfaba80cd18acd6bc84286b9a534",
                "sha256:eabceab574f471de0b0eb3f2ecf2eee9f10b3106570481d007ed1c84ebf6d6a1",
                "sha256:f14517e174bd7332f1cca2c959e704696a5e0ba246eb8763e6c24876d8710049",
                "sha256:fa38a1b9b38ae1fad2863eff5e0d69608567453fdfc850c992e6e47eb764e846",
                "sha256:ff3fa8ea0e09e38677762afc6e14cad77b5e125b0ea70c9bba1992f02c93b028",
                "sha256:ff746a69ff2ef25f62b36338c615dd15954ddc3ab8e73530237dd73235e76d62"
            ],
            "markers": "python_version >= '3.7'",
            "version": "==1.0.2"
        },
        "scipy": {
            "hashes": [
                "sha256:033ce76ed4e9f62923e1f8124f7e2b0800db533828c853b402c7eec6e9465d80",
                "sha256:173308efba2270dcd61cd45a30dfded6ec0085b4b6eb33b5eb11ab443005e088",
                "sha256:21b66200cf44b1c3e86495e3a436fc7a26608f92b8d43d344457c54f1c024cbc",
                "sha256:2c56b820d304dffcadbbb6cbfbc2e2c79ee46ea291db17e288e73cd3c64fefa9",
                "sha256:304dfaa7146cffdb75fbf6bb7c190fd7688795389ad060b970269c8576d038e9",
                "sha256:3f78181a153fa21c018d346f595edd648344751d7f03ab94b398be2ad083ed3e",
                "sha256:4d242d13206ca4302d83d8a6388c9dfce49fc48fdd3c20efad89ba12f785bf9e",
                "sha256:5d1cc2c19afe3b5a546ede7e6a44ce1ff52e443d12b231823268019f608b9b12",
                "sha256:5f2cfc359379c56b3a41b17ebd024109b2049f878badc1e454f31418c3a18436",
                "sha256:65bd52bf55f9a1071398557394203d881384d27b9c2cad7df9a027170aeaef93",
                "sha256:7edd9a311299a61e9919ea4192dd477395b50c014cdc1a1ac572d7c27e2207fa",
                "sha256:8499d9dd1459dc0d0fe68db0832c3d5fc1361ae8e13d05e6849b358dc3f2c279",
                "sha256:866ada14a95b083dd727a845a764cf95dd13ba3dc69a16b99038001b05439709",
                "sha256:87069cf875f0262a6e3187ab0f419f5b4280d3dcf4811ef9613c605f6e4dca95",
                "sha256:93378f3d14fff07572392ce6a6a2ceb3a1f237733bd6dcb9eb6a2b29b0d19085",
                "sha256:95c2d250074cfa76715d58830579c64dff7354484b284c2b8b87e5a38321672c",
                "sha256:ab5875facfdef77e0a47d5fd39ea178b58e60e454a4c85aa1e52fcb80db7babf",
                "sha256:b0e0aeb061a1d7dcd2ed59ea57ee56c9b23dd60100825f98238c06ee5cc4467e",
                "sha256:b78a35c5c74d336f42f44106174b9851c783184a85a3fe3e68857259b37b9ffb",
                "sha256:c9e04d7e9b03a8a6ac2045f7c5ef741be86727d8f49c45db45f244bdd2bcff17",
                "sha256:ca36e7d9430f7481fc7d11e015ae16fbd5575615a8e9060538104778be84addf",
                "sha256:ceebc3c4f6a109777c0053dfa0282fddb8893eddfb0d598574acfb734a926168",
                "sha256:e2c036492e673aad1b7b0d0ccdc0cb30a968353d2c4bf92ac8e73509e1bf212c",
                "sha256:eb326658f9b73c07081300daba90a8746543b5ea177184daed26528273157294",
                "sha256:eb7ae2c4dbdb3c9247e07acc532f91077ae6dbc40ad5bd5dca0bb5a176ee9bda",
                "sha256:edad1cf5b2ce1912c4d8ddad20e11d333165552aba262c882e28c78bbc09dbf6",
                "sha256:eef93a446114ac0193a7b714ce67659db80caf940f3232bad63f4c7a81bc18df",
                "sha256:f7eaea089345a35130bc9a39b89ec1ff69c208efa97b3f8b25ea5d4c41d88094",
                "sha256:f99d206db1f1ae735a8192ab93bd6028f3a42f6fa08467d37a14eb96c9dd34a3"
            ],
            "markers": "python_version < '3.11' and python_version >= '3.7'",
            "version": "==1.7.3"
        },
        "six": {
            "hashes": [
                "sha256:1e61c37477a1626458e36f7b1d82aa5c9b094fa4802892072e49de9c60c4c926",
                "sha256:8abb2f1d86890a2dfb989f9a77cfcfd3e47c2a354b01111771326f8aa26e0254"
            ],
            "markers": "python_version >= '2.7' and python_version not in '3.0, 3.1, 3.2'",
            "version": "==1.16.0"
        },
        "sklearn": {
            "hashes": [
                "sha256:e23001573aa194b834122d2b9562459bf5ae494a2d59ca6b8aa22c85a44c0e31"
            ],
            "index": "pypi",
            "version": "==0.0"
        },
        "threadpoolctl": {
            "hashes": [
                "sha256:4fade5b3b48ae4b1c30f200b28f39180371104fccc642e039e0f2435ec8cc211",
                "sha256:d03115321233d0be715f0d3a5ad1d6c065fe425ddc2d671ca8e45e9fd5d7a52a"
            ],
            "markers": "python_version >= '3.6'",
            "version": "==3.0.0"
        },
        "typing-extensions": {
            "hashes": [
                "sha256:4ca091dea149f945ec56afb48dae714f21e8692ef22a395223bcd328961b6a0e",
                "sha256:7f001e5ac290a0c0401508864c7ec868be4e701886d5b573a9528ed3973d9d3b"
            ],
            "markers": "python_version >= '3.6'",
            "version": "==4.0.1"
        }
    },
    "develop": {}
}
